
Microsoft Visual Studio Solution File, Format Version 12.00
# Visual Studio Version 17
VisualStudioVersion = 17.6.33723.286
MinimumVisualStudioVersion = 10.0.40219.1
Project("{FAE04EC0-301F-11D3-BF4B-00C04F79EFBC}") = "Interface_Parte3_Calculadora", "Interface_Parte3_Calculadora\Interface_Parte3_Calculadora.csproj", "{FD85B8F9-A53D-4499-BF73-F6B3C4BFA7DD}"
EndProject
Global
	GlobalSection(SolutionConfigurationPlatforms) = preSolution
		Debug|Any CPU = Debug|Any CPU
		Release|Any CPU = Release|Any CPU
	EndGlobalSection
	GlobalSection(ProjectConfigurationPlatforms) = postSolution
		{FD85B8F9-A53D-4499-BF73-F6B3C4BFA7DD}.Debug|Any CPU.ActiveCfg = Debug|Any CPU
		{FD85B8F9-A53D-4499-BF73-F6B3C4BFA7DD}.Debug|Any CPU.Build.0 = Debug|Any CPU
		{FD85B8F9-A53D-4499-BF73-F6B3C4BFA7DD}.Release|Any CPU.ActiveCfg = Release|Any CPU
		{FD85B8F9-A53D-4499-BF73-F6B3C4BFA7DD}.Release|Any CPU.Build.0 = Release|Any CPU
	EndGlobalSection
	GlobalSection(SolutionProperties) = preSolution
		HideSolutionNode = FALSE
	EndGlobalSection
	GlobalSection(ExtensibilityGlobals) = postSolution
		SolutionGuid = {E67B2AD6-56C4-4A24-9CD8-743DFD5FEDBF}
	EndGlobalSection
EndGlobal
